
Microsoft Visual Studio Solution File, Format Version 12.00
# Visual Studio Version 17
VisualStudioVersion = 17.10.35027.167
MinimumVisualStudioVersion = 10.0.40219.1
Project("{9A19103F-16F7-4668-BE54-9A1E7A4F7556}") = "Avalonia.FileDroper", "Avalonia.FileDroper.csproj", "{2D519A7C-D775-48EA-B571-46DEBEAE0A7A}"
EndProject
Global
	GlobalSection(SolutionConfigurationPlatforms) = preSolution
		Debug|Any CPU = Debug|Any CPU
		Release|Any CPU = Release|Any CPU
	EndGlobalSection
	GlobalSection(ProjectConfigurationPlatforms) = postSolution
		{2D519A7C-D775-48EA-B571-46DEBEAE0A7A}.Debug|Any CPU.ActiveCfg = Debug|Any CPU
		{2D519A7C-D775-48EA-B571-46DEBEAE0A7A}.Debug|Any CPU.Build.0 = Debug|Any CPU
		{2D519A7C-D775-48EA-B571-46DEBEAE0A7A}.Release|Any CPU.ActiveCfg = Release|Any CPU
		{2D519A7C-D775-48EA-B571-46DEBEAE0A7A}.Release|Any CPU.Build.0 = Release|Any CPU
	EndGlobalSection
	GlobalSection(SolutionProperties) = preSolution
		HideSolutionNode = FALSE
	EndGlobalSection
	GlobalSection(ExtensibilityGlobals) = postSolution
		SolutionGuid = {318E4DA2-D53F-4452-A0C7-4B4762FB1908}
	EndGlobalSection
EndGlobal
